github.com/DATA-DOG/go-sqlmock v1.5.2 h1:OcvFkGmslmlZibjAjaHm3L//6LiuBgolP7OputlJIzU=
github.com/DATA-DOG/go-sqlmock v1.5.2/go.mod h1:88MAG/4G7SMwSE3CeA0ZKzrT5CiOU3OJ+JlNzwDqpNU=
github.com/davecgh/go-spew v1.1.1 h1:vj9j/u1bqnvCEfJOwUhtlOARqs3+rkHYY13jYWTU97c=
github.com/davecgh/go-spew v1.1.1/go.mod h1:J7Y8YcW2NihsgmVo/mv3lAwl/skON4iLHjSsI+c5H38=
github.com/mdlayher/genetlink v1.3.2 h1:K4+HfaYPleVnaun7j8jFmKyaJOa2i2pZx3W2agmV1pk=
github.com/mdlayher/genetlink v1.3.2/go.mod h1:tcC3pkCrPUGRKp2A2CnWsY1t7n2T2sjR8VKn5B/vp80=
github.com/mdlayher/netlink v1.7.2 h1:/UtM3ofJap7Vl4QWCPDGXY8d3GIY2UGSDbKXjdTX3hE=
github.com/mdlayher/netlink v1.7.2/go.mod h1:be/2htEqHCSJuysUKJ4U8m+2WsbpUYQjNd6x1Tq9Tbr=
github.com/mdlayher/socket v0.5.1 h1:RTl2qZprF5b5lcagGLjqHB75tn8KvvdfydR0l5KwCog=
github.com/mdlayher/socket v0.5.1/go.mod h1:WkcbfKv2fH7Jo1aK3VJKfV0CkHjMmkp6+1f91jlxEF4=
github.com/mdlayher/wifi v0.7.1 h1:2sPCO1T31cg7iP68q4l2m+0lXhw0kRdsXOyBNMqvEBo=
github.com/mdlayher/wifi v0.7.1/go.mod h1:6v5uM9a+UKO2e0wB4VQ4xZSZBsYXR+jKs+NAMprbO/4=
github.com/pmezard/go-difflib v1.0.0 h1:4DBwDE0NGyQoBHbLQYPwSUPoCMWR5BEzIk/f1lZbAQM=
github.com/pmezard/go-difflib v1.0.0/go.mod h1:iKH77koFhYxTK1pcRnkKkqfTogsbg7gZNVY4sRDYZ/4=
github.com/stretchr/objx v0.5.2 h1:xuMeJ0Sdp5ZMRXx/aWO6RZxdr3beISkG5/G/aIRr3pY=
github.com/stretchr/objx v0.5.2/go.mod h1:FRsXN1f5AsAjCGJKqEizvkpNtU+EGNCLh3NxZ/8L+MA=
github.com/stretchr/testify v1.9.0 h1:HtqpIVDClZ4nwg75+f6Lvsy/wHu+3BoSGCbBAcpTsTg=
github.com/stretchr/testify v1.9.0/go.mod h1:r2ic/lqez/lEtzL7wO/rwa5dbSLXVDPFyf8C91i36aY=
golang.org/x/net v0.24.0 h1:Idj0UgDV9sWLZtWC7+o3omfldspVL47HxOaGn8M9qiQ=
golang.org/x/net v0.24.0/go.mod h1:2Q7sJY5mzlzWjKtYUEXSlBWCdyaioyXzRB2RtU8KVE8=
golang.org/x/sys v0.19.0 h1:8VLyHTe1UcDVeBNthyBqtc93w/98d5+it1zs2O7NoFI=
golang.org/x/sys v0.19.0/go.mod h1:/xfCO3UDl3hZJfy7/ZiZ6xRFnuUauoi1K6p0G8qihOc=
gopkg.in/yaml.v3 v3.0.1 h1:fxVm/GzAzEWqLHuvctI91KS9hhNmmWOoWu0XTYJS7CA=
gopkg.in/yaml.v3 v3.0.1/go.mod h1:K4uyk7z7BCEPqu6E+C64Yfv1cQ7kz7rIZviUmN+EgEM=
