github.com/DATA-DOG/go-sqlmock v1.5.2 h1:OcvFkGmslmlZibjAjaHm3L//6LiuBgolP7OputlJIzU=
github.com/DATA-DOG/go-sqlmock v1.5.2/go.mod h1:fxPBWkFqABl/4WmMfWQJjHqlQKX8DZbK4OqoWn3DGfk=
github.com/davecgh/go-spew v1.1.1 h1:vj9j/u1bqnvCEfJOwUhtlOARqs3+rkHYY13jYWTU97c=
github.com/davecgh/go-spew v1.1.1/go.mod h1:J7Y8YcW2NihsgmVo/mv3lAwl/skON4iLHjSsI+c5H38=
github.com/google/go-cmp v0.5.9 h1:O2Tfq5qg4qc4AmwVlvv0oLiVAGB7enBSJ2x2DqQFi38=
github.com/google/go-cmp v0.5.9/go.mod h1:17dUlkBOakJ0+DkrSSNjCkIjxS6bF9zb3elmeNGIjoY=
github.com/josharian/native v1.1.0 h1:uuaP0hA5LRjKx5iXMRSQoQzB5+oxATmm1Lom/4rfUNE=
github.com/josharian/native v1.1.0/go.mod h1:7XCDndGwUoa4L6Iqy20CZaVw6d0g5gQo0t0MqH1lIt0=
github.com/mdlayher/genetlink v1.3.2 h1:epjNc6BVA0LNZFjG4hdxHbxXYHwnT/0tqMwF/bDHt0U=
github.com/mdlayher/genetlink v1.3.2/go.mod h1:Yb6OoBit6f8+2zUrIiq6c8YNLl6oVKTBKJ3l9hij/gE=
github.com/mdlayher/netlink v1.7.2 h1:/UtKXo1lhrd09EwjUZ/hCqL5TW2cHTL3ju0TW2n7yz8=
github.com/mdlayher/netlink v1.7.2/go.mod h1:1jdlUV7cPm7Hf9jHMFsGQWNqTdgK7eCABTMDKd1q7kE=
github.com/mdlayher/socket v0.5.0 h1:KM1e59zCbPkMt9XZjPeGV/6Xw3VvkxDbKopG4L/urF0=
github.com/mdlayher/socket v0.5.0/go.mod h1:c9vQ4lzbwZ+7v3ocmCmN6w3KQkPKhlB9LzIl6jdZ4oE=
github.com/mdlayher/wifi v0.0.0-20231230153104-4d0ad4c5d4ec h1:i18nWm5jgUJThPVGeIzmB7tVJm0b6nW4E5b4/wx8GhM=
github.com/mdlayher/wifi v0.0.0-20231230153104-4d0ad4c5d4ec/go.mod h1:uL3Os+tGGqX0fUPQb9T1y/bg/Uto2tBATRkG7wIK6us=
github.com/pmezard/go-difflib v1.0.0 h1:4DBwDE0NGyQoBHbLQYPwSUPoCMWR5BEzIk/f1lZbAQM=
github.com/pmezard/go-difflib v1.0.0/go.mod h1:iKH77koFhYxTK1pcRnkKkqfTogsbg7gZNVY4sRDYZ/4=
github.com/stretchr/objx v0.5.2 h1:xuMeJ0Sdp5ZMRXx/aWO6RZxdr3beISkG5/G/aIRr3pY=
github.com/stretchr/objx v0.5.2/go.mod h1:FRsXN1f5AsAjCGJKqEizvkpNtU+EGNCLh3NxZ/8L+MA=
github.com/stretchr/testify v1.9.0 h1:HtqpIVDClZ4nwg75+f6Lvsy/wHu+3BoSGCbBAcpTsTg=
github.com/stretchr/testify v1.9.0/go.mod h1:r2ic/lqez/lEtzL7wO/rwa5dbSLXVDPFyf8C91i36aY=
golang.org/x/crypto v0.14.0 h1:wBqGXzWJW6m1XrIKlAH0Hs1JJ7+9KBwnIO8v66Q9cHc=
golang.org/x/crypto v0.14.0/go.mod h1:MVFd36DqK4CsrnJYDkBA3VC4m2GkXAM0PvzMCn4JQf4=
golang.org/x/net v0.17.0 h1:pVaXccu2ozPjCXewfr1S7xza/zcXTst9l2VBzW4M/wc=
golang.org/x/net v0.17.0/go.mod h1:NxSsAGuq816PNPmqtQdLE42eU2Fs7NoRIZrHJAlaCOE=
golang.org/x/sync v0.4.0 h1:zxkM55ReGkDlKSM+Fu41A+zmbZuaPVbGMzvvdUPznYQ=
golang.org/x/sync v0.4.0/go.mod h1:FU7BRWz2tNW+3quACPkgCx/L+uEAv1htQ0V83Z9Rj+Y=
golang.org/x/sys v0.13.0 h1:Af8nKPmuFypiUBjVoU9V20FiaFXOcuZI21p0ycVYYGE=
golang.org/x/sys v0.13.0/go.mod h1:oPkhp1MJrh7nUepCBck5+mAzfO9JrbApNNgaTdGDITg=
gopkg.in/yaml.v3 v3.0.1 h1:fxVm/GzAzEWqLHuvctI91KS9hhNmmWOoWu0XTYJS7CA=
gopkg.in/yaml.v3 v3.0.1/go.mod h1:K4uyk7z7BCEPqu6E+C64Yfv1cQ7kz7rIZviUmN+EgEM=