github.com/DATA-DOG/go-sqlmock v1.5.2 h1:gco8WS4n73xwW59R24KCU6KwjtD7lGfhn6qlWA/pTqk=
github.com/DATA-DOG/go-sqlmock v1.5.2/go.mod h1:fxPBWkFqABl/4WmMfWQJjHqlQKX8DZbK4OqoWn3DGfk=
github.com/davecgh/go-spew v1.1.1 h1:vj9j/u1bqnvCEfJOwUhtlOARqs3+rkHYY13jYWTU97c=
github.com/davecgh/go-spew v1.1.1/go.mod h1:J7Y8YcW2NihsgmVo/mv3lAwl/skON4iLHjSsI+c5H38=
github.com/google/go-cmp v0.6.0 h1:ofyhxvXcZhMsU5ulbFiLKl/XBFqE1GSq7atu8tAmTRI=
github.com/google/go-cmp v0.6.0/go.mod h1:17dUlkBOakJ0+DkrSSNjCkIjxS6bF9zb3elmeNGIjoY=
github.com/josharian/native v1.1.0 h1:uuaP0hA5LR6zkMd2JSkHeAlMqNtJWH/zVcP2EpT+ebo=
github.com/josharian/native v1.1.0/go.mod h1:7XGxVA2YVkG0QUeTpKBUOZnLqy1eF8JKL9mG7UWJ2mY=
github.com/mdlayher/genetlink v1.3.1 h1:kpWfFlqYp7R+w8sMpRS5kLhJScJ6RrvjyiKODdY5r90=
github.com/mdlayher/genetlink v1.3.1/go.mod h1:lJ5hWAEVY6QKQi5g7P+9Z4Y3tqH1MabE0QaL4rITAY8=
github.com/mdlayher/netlink v1.7.2 h1:/UtM3ofJap7Vl4QWCPDGXY8d3GIY2UGSDbK+QWmY8/g=
github.com/mdlayher/netlink v1.7.2/go.mod h1:xraEF7uJbxLhc5fpHL4cPe221LI2bdttWlU+ZGLfQSw=
github.com/mdlayher/socket v0.5.0 h1:il2Nn6wQzDqg/aV2Q78KsH/X2rBZjd+JzqrfeDT7uVs=
github.com/mdlayher/socket v0.5.0/go.mod h1:cZMQ1XyY4PFujfOgvC5fT1vT+D0PrLmHQ+5xHwK8wWU=
github.com/mdlayher/wifi v0.0.0-20240516144319-4472a4f9d7e3 h1:uThdcN4ocJ/q90E6GdqT0mWk+8gt4a+mHznRc1s9vvo=
github.com/mdlayher/wifi v0.0.0-20240516144319-4472a4f9d7e3/go.mod h1:2jX6oU8s4WUc2lZn5lCnnleFds4UPv5m0ZcDBVh46us=
github.com/pmezard/go-difflib v1.0.0 h1:4DBwDE0NGyQoBHbLQYPwSUPoCMWR5BEzIk/f1lZbAQM=
github.com/pmezard/go-difflib v1.0.0/go.mod h1:iKH77koFhYxTK1pcRnkKkqfTogsbg7gZNVY4sRDYZ/4=
github.com/stretchr/objx v0.5.2 h1:xuMeJ0Sdp5ZMRXx/aWO6RZxdr3beISkG5/G/aIRr3pY=
github.com/stretchr/objx v0.5.2/go.mod h1:FRsXN1f5AsAjCGJKqEizvkpNtU+EGNCLh3NxZ/8L+MA=
github.com/stretchr/testify v1.9.0 h1:HtqpIVDClZ4nwg75+f6Lvsy/wHu+3BoSGCbBAcpTsTg=
github.com/stretchr/testify v1.9.0/go.mod h1:r2ic/lqez/lEtzL7wO/rwa5dbSLXVDPFyf8C91i36aY=
golang.org/x/crypto v0.19.0 h1:ENy+Az/9Y1vSrlrvBSyna3PITt4tiZLf7sgCjjcUIVM=
golang.org/x/crypto v0.19.0/go.mod h1:Iy9bg/ha4yyC70EfRS8jz+B6ybOBKMaSxPNJCv1fp0U=
golang.org/x/net v0.21.0 h1:AQyQV4nYCzku8g41Xv/6kM8eipMyFgugPwlqQCW1p1A=
golang.org/x/net v0.21.0/go.mod h1:OJ4Ds6QCaYI4ALoQ4bXIKoKk0bBOx/1oHfIP8mz/UIk=
golang.org/x/sync v0.6.0 h1:5BMeUDZ7vkXGfEr1x9B4bRcTH4lpkTkpdh0T/J+qjbQ=
golang.org/x/sync v0.6.0/go.mod h1:Czt+wKu1gCyEFDUtn0jG5QVvpJ6rzVqr5aXyt9drQfk=
golang.org/x/sys v0.17.0 h1:25cE3gD+tdBA7lp7QfhuV+rJiE9YXTcS3VG1SqssI/Y=
golang.org/x/sys v0.17.0/go.mod h1:/VUhepiaJMQUp4+oa/7Zr1D23ma6VTLIYjOOTFZPUcA=
gopkg.in/yaml.v3 v3.0.1 h1:fxVm/GzAzEWqLH2ctU86sJ7+RoQOFxRZAxXQ1Q6DMt0=
gopkg.in/yaml.v3 v3.0.1/go.mod h1:K4uyk7z7BCEPqu6E+C64Yfv1cQ7kz7rIZviUmN+EgEM=